<?xml version="1.0" encoding="utf-8"?>
<Project ToolsVersion="4.0" xmlns="http://schemas.microsoft.com/developer/msbuild/2003">
  <ItemGroup>
    <Filter Include="Resource Files">
      <UniqueIdentifier>{67DA6AB6-F800-4c08-8B7A-83BB121AAD01}</UniqueIdentifier>
      <Extensions>rc;ico;cur;bmp;dlg;rc2;rct;bin;rgs;gif;jpg;jpeg;jpe;resx;tiff;tif;png;wav;mfcribbon-ms</Extensions>
    </Filter>
    <Filter Include="Data Structures">
      <UniqueIdentifier>{fdbf0c55-bf07-4b57-bff5-113688ff56c8}</UniqueIdentifier>
    </Filter>
    <Filter Include="Filters">
      <UniqueIdentifier>{be7fe63c-18b1-4aeb-838c-94650450aef7}</UniqueIdentifier>
    </Filter>
    <Filter Include="Main">
      <UniqueIdentifier>{4FC737F1-C7A5-4376-A066-2A32D752A2FF}</UniqueIdentifier>
      <Extensions>cpp;c;cc;cxx;c++;cppm;ixx;def;odl;idl;hpj;bat;asm;asmx</Extensions>
    </Filter>
    <Filter Include="Miscellaneous">
      <UniqueIdentifier>{c903169b-c472-47ad-874c-e43e858bf649}</UniqueIdentifier>
    </Filter>
    <Filter Include="Settings">
      <UniqueIdentifier>{4751149e-782e-4654-8f3d-ab6b8a3db210}</UniqueIdentifier>
    </Filter>
    <Filter Include="Exception">
      <UniqueIdentifier>{8ff41efc-760d-4119-8c84-0c43b2351e35}</UniqueIdentifier>
    </Filter>
    <Filter Include="Utils">
      <UniqueIdentifier>{accd5f5b-b23f-4700-b64b-569b92191f27}</UniqueIdentifier>
    </Filter>
    <Filter Include="Utils\Pixel">
      <UniqueIdentifier>{001b6b4b-c3cf-487f-9549-21a0d5e87156}</UniqueIdentifier>
    </Filter>
    <Filter Include="Utils\Vector">
      <UniqueIdentifier>{adfa07d3-6678-4a92-b31a-a4d230e695ce}</UniqueIdentifier>
    </Filter>
    <Filter Include="Utils\Point">
      <UniqueIdentifier>{5170ac29-2590-4eff-9666-df45bac5712f}</UniqueIdentifier>
    </Filter>
    <Filter Include="Core">
      <UniqueIdentifier>{6e96e677-87ad-47b7-87e3-6ebec4c5c252}</UniqueIdentifier>
    </Filter>
    <Filter Include="Core\Pipeline">
      <UniqueIdentifier>{88d65602-97bb-4d6c-81dd-5b18f59c287e}</UniqueIdentifier>
    </Filter>
    <Filter Include="Core\Workspace">
      <UniqueIdentifier>{7e57abad-2c11-4c5b-89d9-ca47e3f22741}</UniqueIdentifier>
    </Filter>
    <Filter Include="Core\Workspace\Workspace Data Internal Representation">
      <UniqueIdentifier>{9f6cb1cb-297c-40d7-b68c-ae9155befaaf}</UniqueIdentifier>
    </Filter>
    <Filter Include="Core\Workspace\Workspace Data Internal Representation\Slice">
      <UniqueIdentifier>{cea91954-13af-4916-b013-6a663ab2dab6}</UniqueIdentifier>
    </Filter>
    <Filter Include="Core\Workspace\Workspace Data Internal Representation\PointSet">
      <UniqueIdentifier>{3308b0ca-31c6-4391-b2e0-a5c406542120}</UniqueIdentifier>
    </Filter>
    <Filter Include="Core\Workspace\Workspace Data Internal Representation\Image">
      <UniqueIdentifier>{85b6a640-da55-49ec-860d-9c67477d1681}</UniqueIdentifier>
    </Filter>
    <Filter Include="Core\Workspace\Workspace Data Internal Representation\Path">
      <UniqueIdentifier>{9da56591-503b-47c3-882c-196d286883a1}</UniqueIdentifier>
    </Filter>
    <Filter Include="Core\Workspace\Workspace Data Internal Representation\Mesh">
      <UniqueIdentifier>{95e58b60-1299-4de1-b525-1f6d0f42b916}</UniqueIdentifier>
    </Filter>
    <Filter Include="Filters\Interface">
      <UniqueIdentifier>{88a5e71a-4814-45ce-b55f-7075f68967fd}</UniqueIdentifier>
    </Filter>
    <Filter Include="Core\Workspace\Workspace Data Internal Representation\Interface">
      <UniqueIdentifier>{a6b29858-d1a2-4ca1-b01e-27b2e872d1a8}</UniqueIdentifier>
    </Filter>
    <Filter Include="Core\Workspace\Core">
      <UniqueIdentifier>{8664fa9a-ab38-4142-a5dc-9a12941368bb}</UniqueIdentifier>
    </Filter>
    <Filter Include="Filters\Simple">
      <UniqueIdentifier>{7d0649e8-85ac-4521-97d9-b474eb880b9e}</UniqueIdentifier>
    </Filter>
    <Filter Include="Filters\Simple\Image Viewer">
      <UniqueIdentifier>{dece3595-d4df-4dc1-8045-ff4523851fcc}</UniqueIdentifier>
    </Filter>
    <Filter Include="Filters\Simple\Canny Edge Detector">
      <UniqueIdentifier>{767e94f0-01bd-4d52-a41a-14fbecb8134d}</UniqueIdentifier>
    </Filter>
    <Filter Include="Filters\Simple\Mesh Serializer">
      <UniqueIdentifier>{67990bb6-e01c-427a-ae16-3288fae7eca5}</UniqueIdentifier>
    </Filter>
    <Filter Include="Filters\Converter">
      <UniqueIdentifier>{fdc419d5-ee34-4add-987f-efbde117da0c}</UniqueIdentifier>
    </Filter>
    <Filter Include="Filters\Converter\Image To PointSet">
      <UniqueIdentifier>{c2f34673-2171-4986-92aa-74c9e1df4739}</UniqueIdentifier>
    </Filter>
    <Filter Include="Filters\Converter\PointSet To Mesh">
      <UniqueIdentifier>{e1dd56ff-e9e6-402a-b840-fb797d6541cf}</UniqueIdentifier>
    </Filter>
    <Filter Include="Filters\Composite">
      <UniqueIdentifier>{e0b35e9e-5abd-4263-84b5-cc78528a8b3f}</UniqueIdentifier>
    </Filter>
    <Filter Include="Filters\Simple\Morphological">
      <UniqueIdentifier>{b73d9dbb-fded-45d6-9f8d-14f67b51c738}</UniqueIdentifier>
    </Filter>
    <Filter Include="Filters\Converter\Slice To Image">
      <UniqueIdentifier>{065f8820-7a08-40a7-9447-c9e38c8df608}</UniqueIdentifier>
    </Filter>
    <Filter Include="Filters\Converter\Path To Slice">
      <UniqueIdentifier>{4d83e6f6-7e96-40d4-b832-3734f94cac8f}</UniqueIdentifier>
    </Filter>
  </ItemGroup>
  <ItemGroup>
    <ClInclude Include="thread_pool.hpp">
      <Filter>Data Structures</Filter>
    </ClInclude>
    <ClInclude Include="thread_safe_queue.hpp">
      <Filter>Data Structures</Filter>
    </ClInclude>
    <ClInclude Include="Settings.hpp">
      <Filter>Settings</Filter>
    </ClInclude>
    <ClInclude Include="PathToSliceConverterFilter.hpp">
      <Filter>Filters\Converter\Path To Slice</Filter>
    </ClInclude>
    <ClInclude Include="Slice.hpp">
      <Filter>Core\Workspace\Workspace Data Internal Representation\Slice</Filter>
    </ClInclude>
    <ClInclude Include="CannyEdgeDetectorFilter.hpp">
      <Filter>Filters\Simple\Canny Edge Detector</Filter>
    </ClInclude>
    <ClInclude Include="ImageToPointSetConverterFilter.hpp">
      <Filter>Filters\Converter\Image To PointSet</Filter>
    </ClInclude>
    <ClInclude Include="PointSet.hpp">
      <Filter>Core\Workspace\Workspace Data Internal Representation\PointSet</Filter>
    </ClInclude>
    <ClInclude Include="GlobalExceptionHandler.hpp">
      <Filter>Exception</Filter>
    </ClInclude>
    <ClInclude Include="Pixel.hpp">
      <Filter>Utils\Pixel</Filter>
    </ClInclude>
    <ClInclude Include="Vector3.hpp">
      <Filter>Utils\Vector</Filter>
    </ClInclude>
    <ClInclude Include="Point2.hpp">
      <Filter>Utils\Point</Filter>
    </ClInclude>
    <ClInclude Include="Point3.hpp">
      <Filter>Utils\Point</Filter>
    </ClInclude>
    <ClInclude Include="ExecutionPipeline.hpp">
      <Filter>Core\Pipeline</Filter>
    </ClInclude>
    <ClInclude Include="Image.hpp">
      <Filter>Core\Workspace\Workspace Data Internal Representation\Image</Filter>
    </ClInclude>
    <ClInclude Include="Path.hpp">
      <Filter>Core\Workspace\Workspace Data Internal Representation\Path</Filter>
    </ClInclude>
    <ClInclude Include="PointSetToMeshConverterFilter.hpp">
      <Filter>Filters\Converter\PointSet To Mesh</Filter>
    </ClInclude>
    <ClInclude Include="Mesh.hpp">
      <Filter>Core\Workspace\Workspace Data Internal Representation\Mesh</Filter>
    </ClInclude>
    <ClInclude Include="MeshSerializerFilter.hpp">
      <Filter>Filters\Simple\Mesh Serializer</Filter>
    </ClInclude>
    <ClInclude Include="ImageViewerFilter.hpp">
      <Filter>Filters\Simple\Image Viewer</Filter>
    </ClInclude>
    <ClInclude Include="FilterBase.hpp">
      <Filter>Filters\Interface</Filter>
    </ClInclude>
    <ClInclude Include="Filter.hpp">
      <Filter>Filters\Interface</Filter>
    </ClInclude>
    <ClInclude Include="DataInternalRepresentation.hpp">
      <Filter>Core\Workspace\Workspace Data Internal Representation\Interface</Filter>
    </ClInclude>
    <ClInclude Include="Workspace.hpp">
      <Filter>Core\Workspace\Core</Filter>
    </ClInclude>
    <ClInclude Include="MorphologicalFilter.hpp">
      <Filter>Filters\Simple\Morphological</Filter>
    </ClInclude>
    <ClInclude Include="SliceToImageConverterFilter.hpp">
      <Filter>Filters\Converter\Slice To Image</Filter>
    </ClInclude>
  </ItemGroup>
  <ItemGroup>
    <ClCompile Include="main.cpp">
      <Filter>Main</Filter>
    </ClCompile>
    <ClCompile Include="PathToSliceConverterFilter.cpp">
      <Filter>Filters\Converter\Path To Slice</Filter>
    </ClCompile>
    <ClCompile Include="Slice.cpp">
      <Filter>Core\Workspace\Workspace Data Internal Representation\Slice</Filter>
    </ClCompile>
    <ClCompile Include="CannyEdgeDetectorFilter.cpp">
      <Filter>Filters\Simple\Canny Edge Detector</Filter>
    </ClCompile>
    <ClCompile Include="ImageToPointSetConverterFilter.cpp">
      <Filter>Filters\Converter\Image To PointSet</Filter>
    </ClCompile>
    <ClCompile Include="PointSet.cpp">
      <Filter>Core\Workspace\Workspace Data Internal Representation\PointSet</Filter>
    </ClCompile>
    <ClCompile Include="GlobalExceptionHandler.cpp">
      <Filter>Exception</Filter>
    </ClCompile>
    <ClCompile Include="Vector3.cpp">
      <Filter>Utils\Vector</Filter>
    </ClCompile>
    <ClCompile Include="Point2.cpp">
      <Filter>Utils\Point</Filter>
    </ClCompile>
    <ClCompile Include="Point3.cpp">
      <Filter>Utils\Point</Filter>
    </ClCompile>
    <ClCompile Include="ExecutionPipeline.cpp">
      <Filter>Core\Pipeline</Filter>
    </ClCompile>
    <ClCompile Include="PointSetToMeshConverterFilter.cpp">
      <Filter>Filters\Converter\PointSet To Mesh</Filter>
    </ClCompile>
    <ClCompile Include="Mesh.cpp">
      <Filter>Core\Workspace\Workspace Data Internal Representation\Mesh</Filter>
    </ClCompile>
    <ClCompile Include="MeshSerializerFilter.cpp">
      <Filter>Filters\Simple\Mesh Serializer</Filter>
    </ClCompile>
    <ClCompile Include="ImageViewerFilter.cpp">
      <Filter>Filters\Simple\Image Viewer</Filter>
    </ClCompile>
    <ClCompile Include="Workspace.cpp">
      <Filter>Core\Workspace\Core</Filter>
    </ClCompile>
    <ClCompile Include="Image.cpp">
      <Filter>Core\Workspace\Workspace Data Internal Representation\Image</Filter>
    </ClCompile>
    <ClCompile Include="MorphologicalFilter.cpp">
      <Filter>Filters\Simple\Morphological</Filter>
    </ClCompile>
    <ClCompile Include="SliceToImageConverterFilter.cpp">
      <Filter>Filters\Converter\Slice To Image</Filter>
    </ClCompile>
  </ItemGroup>
  <ItemGroup>
    <None Include="..\.gitignore">
      <Filter>Miscellaneous</Filter>
    </None>
  </ItemGroup>
</Project>