<?xml version="1.0" encoding="utf-8"?>
<Project ToolsVersion="4.0" xmlns="http://schemas.microsoft.com/developer/msbuild/2003">
  <ItemGroup>
    <Filter Include="Resource Files">
      <UniqueIdentifier>{67DA6AB6-F800-4c08-8B7A-83BB121AAD01}</UniqueIdentifier>
      <Extensions>rc;ico;cur;bmp;dlg;rc2;rct;bin;rgs;gif;jpg;jpeg;jpe;resx;tiff;tif;png;wav;mfcribbon-ms</Extensions>
    </Filter>
    <Filter Include="Resource Files\Icon">
      <UniqueIdentifier>{c96161e0-1b04-4b15-a30f-c9f47bc14b39}</UniqueIdentifier>
    </Filter>
    <Filter Include="Data Structures">
      <UniqueIdentifier>{fdbf0c55-bf07-4b57-bff5-113688ff56c8}</UniqueIdentifier>
    </Filter>
    <Filter Include="Messages">
      <UniqueIdentifier>{c5cdc5ff-241f-471d-988c-8caaeefb8ec2}</UniqueIdentifier>
    </Filter>
    <Filter Include="Filters">
      <UniqueIdentifier>{be7fe63c-18b1-4aeb-838c-94650450aef7}</UniqueIdentifier>
    </Filter>
    <Filter Include="Pipeline">
      <UniqueIdentifier>{6e96e677-87ad-47b7-87e3-6ebec4c5c252}</UniqueIdentifier>
    </Filter>
    <Filter Include="Filters\Pixel Extractor">
      <UniqueIdentifier>{4d83e6f6-7e96-40d4-b832-3734f94cac8f}</UniqueIdentifier>
    </Filter>
    <Filter Include="Main">
      <UniqueIdentifier>{4FC737F1-C7A5-4376-A066-2A32D752A2FF}</UniqueIdentifier>
      <Extensions>cpp;c;cc;cxx;c++;cppm;ixx;def;odl;idl;hpj;bat;asm;asmx</Extensions>
    </Filter>
    <Filter Include="Workspace">
      <UniqueIdentifier>{9f6cb1cb-297c-40d7-b68c-ae9155befaaf}</UniqueIdentifier>
    </Filter>
    <Filter Include="Workspace\Slice">
      <UniqueIdentifier>{cea91954-13af-4916-b013-6a663ab2dab6}</UniqueIdentifier>
    </Filter>
    <Filter Include="Miscellaneous">
      <UniqueIdentifier>{c903169b-c472-47ad-874c-e43e858bf649}</UniqueIdentifier>
    </Filter>
    <Filter Include="Filters\Canny Edge Detector">
      <UniqueIdentifier>{767e94f0-01bd-4d52-a41a-14fbecb8134d}</UniqueIdentifier>
    </Filter>
    <Filter Include="Filters\Point Extractor">
      <UniqueIdentifier>{c2f34673-2171-4986-92aa-74c9e1df4739}</UniqueIdentifier>
    </Filter>
    <Filter Include="Settings">
      <UniqueIdentifier>{4751149e-782e-4654-8f3d-ab6b8a3db210}</UniqueIdentifier>
    </Filter>
  </ItemGroup>
  <ItemGroup>
    <ResourceCompile Include="LicenseProject.rc">
      <Filter>Resource Files</Filter>
    </ResourceCompile>
  </ItemGroup>
  <ItemGroup>
    <ClInclude Include="resource1.h">
      <Filter>Resource Files\Icon</Filter>
    </ClInclude>
    <ClInclude Include="thread_pool.hpp">
      <Filter>Data Structures</Filter>
    </ClInclude>
    <ClInclude Include="thread_safe_queue.hpp">
      <Filter>Data Structures</Filter>
    </ClInclude>
    <ClInclude Include="Warnings.hpp">
      <Filter>Messages</Filter>
    </ClInclude>
    <ClInclude Include="ExecutionPipeline.hpp">
      <Filter>Pipeline</Filter>
    </ClInclude>
    <ClInclude Include="IFilter.hpp">
      <Filter>Filters</Filter>
    </ClInclude>
    <ClInclude Include="Settings.hpp">
      <Filter>Settings</Filter>
    </ClInclude>
    <ClInclude Include="PixelExtractorFilter.hpp">
      <Filter>Filters\Pixel Extractor</Filter>
    </ClInclude>
    <ClInclude Include="Slice.hpp">
      <Filter>Workspace\Slice</Filter>
    </ClInclude>
    <ClInclude Include="CannyEdgeDetectorFilter.hpp">
      <Filter>Filters\Canny Edge Detector</Filter>
    </ClInclude>
    <ClInclude Include="PointExtractorFilter.hpp">
      <Filter>Filters\Point Extractor</Filter>
    </ClInclude>
    <ClInclude Include="Types.hpp">
      <Filter>Settings</Filter>
    </ClInclude>
  </ItemGroup>
  <ItemGroup>
    <Image Include="icon.ico">
      <Filter>Resource Files\Icon</Filter>
    </Image>
  </ItemGroup>
  <ItemGroup>
    <ClCompile Include="main.cpp">
      <Filter>Main</Filter>
    </ClCompile>
    <ClCompile Include="ExecutionPipeline.cpp">
      <Filter>Pipeline</Filter>
    </ClCompile>
    <ClCompile Include="PixelExtractorFilter.cpp">
      <Filter>Filters\Pixel Extractor</Filter>
    </ClCompile>
    <ClCompile Include="Slice.cpp">
      <Filter>Workspace\Slice</Filter>
    </ClCompile>
    <ClCompile Include="CannyEdgeDetectorFilter.cpp">
      <Filter>Filters\Canny Edge Detector</Filter>
    </ClCompile>
    <ClCompile Include="PointExtractorFilter.cpp">
      <Filter>Filters\Point Extractor</Filter>
    </ClCompile>
  </ItemGroup>
  <ItemGroup>
    <None Include="..\.gitignore">
      <Filter>Miscellaneous</Filter>
    </None>
    <None Include="cpp.hint">
      <Filter>Miscellaneous</Filter>
    </None>
  </ItemGroup>
</Project>